
Microsoft Visual Studio Solution File, Format Version 12.00
# Visual Studio 15
VisualStudioVersion = 15.0.27130.2036
MinimumVisualStudioVersion = 10.0.40219.1
Project("{FAE04EC0-301F-11D3-BF4B-00C04F79EFBC}") = "CSharpTest", "CSharpTest\CSharpTest.csproj", "{23B6F4AF-3815-414C-ABC5-CC89D95CE454}"
EndProject
Global
	GlobalSection(SolutionConfigurationPlatforms) = preSolution
		Debug|ARM = Debug|ARM
		Debug|x64 = Debug|x64
		Debug|x86 = Debug|x86
		Release|ARM = Release|ARM
		Release|x64 = Release|x64
		Release|x86 = Release|x86
	EndGlobalSection
	GlobalSection(ProjectConfigurationPlatforms) = postSolution
		{23B6F4AF-3815-414C-ABC5-CC89D95CE454}.Debug|ARM.ActiveCfg = Debug|ARM
		{23B6F4AF-3815-414C-ABC5-CC89D95CE454}.Debug|ARM.Build.0 = Debug|ARM
		{23B6F4AF-3815-414C-ABC5-CC89D95CE454}.Debug|ARM.Deploy.0 = Debug|ARM
		{23B6F4AF-3815-414C-ABC5-CC89D95CE454}.Debug|x64.ActiveCfg = Debug|x64
		{23B6F4AF-3815-414C-ABC5-CC89D95CE454}.Debug|x64.Build.0 = Debug|x64
		{23B6F4AF-3815-414C-ABC5-CC89D95CE454}.Debug|x64.Deploy.0 = Debug|x64
		{23B6F4AF-3815-414C-ABC5-CC89D95CE454}.Debug|x86.ActiveCfg = Debug|x86
		{23B6F4AF-3815-414C-ABC5-CC89D95CE454}.Debug|x86.Build.0 = Debug|x86
		{23B6F4AF-3815-414C-ABC5-CC89D95CE454}.Debug|x86.Deploy.0 = Debug|x86
		{23B6F4AF-3815-414C-ABC5-CC89D95CE454}.Release|ARM.ActiveCfg = Release|ARM
		{23B6F4AF-3815-414C-ABC5-CC89D95CE454}.Release|ARM.Build.0 = Release|ARM
		{23B6F4AF-3815-414C-ABC5-CC89D95CE454}.Release|ARM.Deploy.0 = Release|ARM
		{23B6F4AF-3815-414C-ABC5-CC89D95CE454}.Release|x64.ActiveCfg = Release|x64
		{23B6F4AF-3815-414C-ABC5-CC89D95CE454}.Release|x64.Build.0 = Release|x64
		{23B6F4AF-3815-414C-ABC5-CC89D95CE454}.Release|x64.Deploy.0 = Release|x64
		{23B6F4AF-3815-414C-ABC5-CC89D95CE454}.Release|x86.ActiveCfg = Release|x86
		{23B6F4AF-3815-414C-ABC5-CC89D95CE454}.Release|x86.Build.0 = Release|x86
		{23B6F4AF-3815-414C-ABC5-CC89D95CE454}.Release|x86.Deploy.0 = Release|x86
	EndGlobalSection
	GlobalSection(SolutionProperties) = preSolution
		HideSolutionNode = FALSE
	EndGlobalSection
	GlobalSection(ExtensibilityGlobals) = postSolution
		SolutionGuid = {205A6B0F-B6C5-43DD-A804-F3541E1C3E41}
	EndGlobalSection
EndGlobal
